
Microsoft Visual Studio Solution File, Format Version 12.00
# Visual Studio Version 17
VisualStudioVersion = 17.9.34616.47
MinimumVisualStudioVersion = 10.0.40219.1
Project("{FAE04EC0-301F-11D3-BF4B-00C04F79EFBC}") = "DIAndOtherFun", "DIAndOtherFun\DIAndOtherFun.csproj", "{878BE68D-56EA-4AB7-9A8A-85BED557C901}"
EndProject
Project("{FAE04EC0-301F-11D3-BF4B-00C04F79EFBC}") = "DIAndOtherFun.Tests", "DIAndOtherFun.Tests\DIAndOtherFun.Tests.csproj", "{066FA2A5-22E8-496C-98F5-021093A4F03B}"
EndProject
Global
	GlobalSection(SolutionConfigurationPlatforms) = preSolution
		Debug|Any CPU = Debug|Any CPU
		Release|Any CPU = Release|Any CPU
	EndGlobalSection
	GlobalSection(ProjectConfigurationPlatforms) = postSolution
		{878BE68D-56EA-4AB7-9A8A-85BED557C901}.Debug|Any CPU.ActiveCfg = Debug|Any CPU
		{878BE68D-56EA-4AB7-9A8A-85BED557C901}.Debug|Any CPU.Build.0 = Debug|Any CPU
		{878BE68D-56EA-4AB7-9A8A-85BED557C901}.Release|Any CPU.ActiveCfg = Release|Any CPU
		{878BE68D-56EA-4AB7-9A8A-85BED557C901}.Release|Any CPU.Build.0 = Release|Any CPU
		{066FA2A5-22E8-496C-98F5-021093A4F03B}.Debug|Any CPU.ActiveCfg = Debug|Any CPU
		{066FA2A5-22E8-496C-98F5-021093A4F03B}.Debug|Any CPU.Build.0 = Debug|Any CPU
		{066FA2A5-22E8-496C-98F5-021093A4F03B}.Release|Any CPU.ActiveCfg = Release|Any CPU
		{066FA2A5-22E8-496C-98F5-021093A4F03B}.Release|Any CPU.Build.0 = Release|Any CPU
	EndGlobalSection
	GlobalSection(SolutionProperties) = preSolution
		HideSolutionNode = FALSE
	EndGlobalSection
	GlobalSection(ExtensibilityGlobals) = postSolution
		SolutionGuid = {65794F19-3DAF-43F8-8874-0ECFE0B729B2}
	EndGlobalSection
EndGlobal
